
Microsoft Visual Studio Solution File, Format Version 12.00
# Visual Studio Version 17
VisualStudioVersion = 17.8.34525.116
MinimumVisualStudioVersion = 10.0.40219.1
Project("{FAE04EC0-301F-11D3-BF4B-00C04F79EFBC}") = "Ex03.GarageLogic", "Ex03.GarageLogic\Ex03.GarageLogic.csproj", "{FB766628-436A-4318-9F3A-3B53A2849DD9}"
EndProject
Project("{FAE04EC0-301F-11D3-BF4B-00C04F79EFBC}") = "Ex03.ConsoleUI", "Ex03.ConsoleUI\Ex03.ConsoleUI.csproj", "{5B0C238D-87B8-4CA3-84F8-B718A2A22410}"
EndProject
Global
	GlobalSection(SolutionConfigurationPlatforms) = preSolution
		Debug|Any CPU = Debug|Any CPU
		Release|Any CPU = Release|Any CPU
	EndGlobalSection
	GlobalSection(ProjectConfigurationPlatforms) = postSolution
		{FB766628-436A-4318-9F3A-3B53A2849DD9}.Debug|Any CPU.ActiveCfg = Debug|Any CPU
		{FB766628-436A-4318-9F3A-3B53A2849DD9}.Debug|Any CPU.Build.0 = Debug|Any CPU
		{FB766628-436A-4318-9F3A-3B53A2849DD9}.Release|Any CPU.ActiveCfg = Release|Any CPU
		{FB766628-436A-4318-9F3A-3B53A2849DD9}.Release|Any CPU.Build.0 = Release|Any CPU
		{5B0C238D-87B8-4CA3-84F8-B718A2A22410}.Debug|Any CPU.ActiveCfg = Debug|Any CPU
		{5B0C238D-87B8-4CA3-84F8-B718A2A22410}.Debug|Any CPU.Build.0 = Debug|Any CPU
		{5B0C238D-87B8-4CA3-84F8-B718A2A22410}.Release|Any CPU.ActiveCfg = Release|Any CPU
		{5B0C238D-87B8-4CA3-84F8-B718A2A22410}.Release|Any CPU.Build.0 = Release|Any CPU
	EndGlobalSection
	GlobalSection(SolutionProperties) = preSolution
		HideSolutionNode = FALSE
	EndGlobalSection
	GlobalSection(ExtensibilityGlobals) = postSolution
		SolutionGuid = {09C5D20F-946F-453C-B7A7-03D4252CA787}
	EndGlobalSection
EndGlobal
