
Microsoft Visual Studio Solution File, Format Version 12.00
# Visual Studio Version 17
VisualStudioVersion = 17.8.34525.116
MinimumVisualStudioVersion = 10.0.40219.1
Project("{FAE04EC0-301F-11D3-BF4B-00C04F79EFBC}") = "Ex03", "Ex03\Ex03.csproj", "{64BA116E-3434-41CF-BE15-CD7AE8A18010}"
EndProject
Global
	GlobalSection(SolutionConfigurationPlatforms) = preSolution
		Debug|Any CPU = Debug|Any CPU
		Release|Any CPU = Release|Any CPU
	EndGlobalSection
	GlobalSection(ProjectConfigurationPlatforms) = postSolution
		{64BA116E-3434-41CF-BE15-CD7AE8A18010}.Debug|Any CPU.ActiveCfg = Debug|Any CPU
		{64BA116E-3434-41CF-BE15-CD7AE8A18010}.Debug|Any CPU.Build.0 = Debug|Any CPU
		{64BA116E-3434-41CF-BE15-CD7AE8A18010}.Release|Any CPU.ActiveCfg = Release|Any CPU
		{64BA116E-3434-41CF-BE15-CD7AE8A18010}.Release|Any CPU.Build.0 = Release|Any CPU
	EndGlobalSection
	GlobalSection(SolutionProperties) = preSolution
		HideSolutionNode = FALSE
	EndGlobalSection
	GlobalSection(ExtensibilityGlobals) = postSolution
		SolutionGuid = {09C5D20F-946F-453C-B7A7-03D4252CA787}
	EndGlobalSection
EndGlobal
